// !$*UTF8*$!
{
	archiveVersion = 1;
	classes = {
	};
	objectVersion = 46;
	objects = {

/* Begin PBXBuildFile section */
		7105C3D61CB2C5360058D44B /* ChatViewController.m in Sources */ = {isa = PBXBuildFile; fileRef = 7105C3D51CB2C5360058D44B /* ChatViewController.m */; };
		7105C3DB1CBB12140058D44B /* KeychainItemWrapper.m in Sources */ = {isa = PBXBuildFile; fileRef = 7105C3DA1CBB12140058D44B /* KeychainItemWrapper.m */; };
		7105C3DD1CBB155D0058D44B /* Security.framework in Frameworks */ = {isa = PBXBuildFile; fileRef = 7105C3DC1CBB155D0058D44B /* Security.framework */; };
		7105C3E21CBB18D40058D44B /* ObjectStorage.m in Sources */ = {isa = PBXBuildFile; fileRef = 7105C3E11CBB18D40058D44B /* ObjectStorage.m */; };
		7105C3E51CC616F80058D44B /* networktranslation.swift in Sources */ = {isa = PBXBuildFile; fileRef = 7105C3E41CC616F80058D44B /* networktranslation.swift */; };
		714074E91C7643EC00062332 /* main.m in Sources */ = {isa = PBXBuildFile; fileRef = 714074E81C7643EC00062332 /* main.m */; };
		714074EC1C7643EC00062332 /* AppDelegate.m in Sources */ = {isa = PBXBuildFile; fileRef = 714074EB1C7643EC00062332 /* AppDelegate.m */; };
		714074EF1C7643EC00062332 /* FirstViewController.m in Sources */ = {isa = PBXBuildFile; fileRef = 714074EE1C7643EC00062332 /* FirstViewController.m */; };
		714074F21C7643EC00062332 /* SecondViewController.m in Sources */ = {isa = PBXBuildFile; fileRef = 714074F11C7643EC00062332 /* SecondViewController.m */; };
		714074F51C7643EC00062332 /* Main.storyboard in Resources */ = {isa = PBXBuildFile; fileRef = 714074F31C7643EC00062332 /* Main.storyboard */; };
		714074F71C7643EC00062332 /* Assets.xcassets in Resources */ = {isa = PBXBuildFile; fileRef = 714074F61C7643EC00062332 /* Assets.xcassets */; };
		714074FA1C7643EC00062332 /* LaunchScreen.storyboard in Resources */ = {isa = PBXBuildFile; fileRef = 714074F81C7643EC00062332 /* LaunchScreen.storyboard */; };
		714075051C7643EC00062332 /* HvZGoTests.m in Sources */ = {isa = PBXBuildFile; fileRef = 714075041C7643EC00062332 /* HvZGoTests.m */; };
		714075101C7643EC00062332 /* HvZGoUITests.m in Sources */ = {isa = PBXBuildFile; fileRef = 7140750F1C7643EC00062332 /* HvZGoUITests.m */; };
		71F278C31C9C0D1500FE20A0 /* LoginViewController.m in Sources */ = {isa = PBXBuildFile; fileRef = 71F278C21C9C0D1500FE20A0 /* LoginViewController.m */; };
		71F278C81C9C160800FE20A0 /* SettingsViewController.m in Sources */ = {isa = PBXBuildFile; fileRef = 71F278C71C9C160800FE20A0 /* SettingsViewController.m */; };
		F48839541CD7E51500A84586 /* ThirdViewController.m in Sources */ = {isa = PBXBuildFile; fileRef = F48839531CD7E51500A84586 /* ThirdViewController.m */; };
/* End PBXBuildFile section */

/* Begin PBXContainerItemProxy section */
		714075011C7643EC00062332 /* PBXContainerItemProxy */ = {
			isa = PBXContainerItemProxy;
			containerPortal = 714074DC1C7643EC00062332 /* Project object */;
			proxyType = 1;
			remoteGlobalIDString = 714074E31C7643EC00062332;
			remoteInfo = HvZGo;
		};
		7140750C1C7643EC00062332 /* PBXContainerItemProxy */ = {
			isa = PBXContainerItemProxy;
			containerPortal = 714074DC1C7643EC00062332 /* Project object */;
			proxyType = 1;
			remoteGlobalIDString = 714074E31C7643EC00062332;
			remoteInfo = HvZGo;
		};
/* End PBXContainerItemProxy section */

/* Begin PBXFileReference section */
		7105C3D41CB2C5360058D44B /* ChatViewController.h */ = {isa = PBXFileReference; fileEncoding = 4; lastKnownFileType = sourcecode.c.h; path = ChatViewController.h; sourceTree = "<group>"; };
		7105C3D51CB2C5360058D44B /* ChatViewController.m */ = {isa = PBXFileReference; fileEncoding = 4; lastKnownFileType = sourcecode.c.objc; path = ChatViewController.m; sourceTree = "<group>"; };
		7105C3D91CBB12140058D44B /* KeychainItemWrapper.h */ = {isa = PBXFileReference; fileEncoding = 4; lastKnownFileType = sourcecode.c.h; path = KeychainItemWrapper.h; sourceTree = "<group>"; };
		7105C3DA1CBB12140058D44B /* KeychainItemWrapper.m */ = {isa = PBXFileReference; fileEncoding = 4; lastKnownFileType = sourcecode.c.objc; path = KeychainItemWrapper.m; sourceTree = "<group>"; };
		7105C3DC1CBB155D0058D44B /* Security.framework */ = {isa = PBXFileReference; lastKnownFileType = wrapper.framework; name = Security.framework; path = System/Library/Frameworks/Security.framework; sourceTree = SDKROOT; };
		7105C3E01CBB18380058D44B /* ObjectStorage.h */ = {isa = PBXFileReference; lastKnownFileType = sourcecode.c.h; path = ObjectStorage.h; sourceTree = "<group>"; };
		7105C3E11CBB18D40058D44B /* ObjectStorage.m */ = {isa = PBXFileReference; fileEncoding = 4; lastKnownFileType = sourcecode.c.objc; name = ObjectStorage.m; path = ../ObjectStorage.m; sourceTree = "<group>"; };
		7105C3E31CC616F80058D44B /* HvZGo-Bridging-Header.h */ = {isa = PBXFileReference; lastKnownFileType = sourcecode.c.h; path = "HvZGo-Bridging-Header.h"; sourceTree = "<group>"; };
		7105C3E41CC616F80058D44B /* networktranslation.swift */ = {isa = PBXFileReference; fileEncoding = 4; lastKnownFileType = sourcecode.swift; path = networktranslation.swift; sourceTree = "<group>"; };
		714074E41C7643EC00062332 /* HvZGo.app */ = {isa = PBXFileReference; explicitFileType = wrapper.application; includeInIndex = 0; path = HvZGo.app; sourceTree = BUILT_PRODUCTS_DIR; };
		714074E81C7643EC00062332 /* main.m */ = {isa = PBXFileReference; lastKnownFileType = sourcecode.c.objc; path = main.m; sourceTree = "<group>"; };
		714074EA1C7643EC00062332 /* AppDelegate.h */ = {isa = PBXFileReference; lastKnownFileType = sourcecode.c.h; path = AppDelegate.h; sourceTree = "<group>"; };
		714074EB1C7643EC00062332 /* AppDelegate.m */ = {isa = PBXFileReference; lastKnownFileType = sourcecode.c.objc; path = AppDelegate.m; sourceTree = "<group>"; };
		714074ED1C7643EC00062332 /* FirstViewController.h */ = {isa = PBXFileReference; lastKnownFileType = sourcecode.c.h; path = FirstViewController.h; sourceTree = "<group>"; };
		714074EE1C7643EC00062332 /* FirstViewController.m */ = {isa = PBXFileReference; lastKnownFileType = sourcecode.c.objc; path = FirstViewController.m; sourceTree = "<group>"; };
		714074F01C7643EC00062332 /* SecondViewController.h */ = {isa = PBXFileReference; lastKnownFileType = sourcecode.c.h; path = SecondViewController.h; sourceTree = "<group>"; };
		714074F11C7643EC00062332 /* SecondViewController.m */ = {isa = PBXFileReference; lastKnownFileType = sourcecode.c.objc; path = SecondViewController.m; sourceTree = "<group>"; };
		714074F41C7643EC00062332 /* Base */ = {isa = PBXFileReference; lastKnownFileType = file.storyboard; name = Base; path = Base.lproj/Main.storyboard; sourceTree = "<group>"; };
		714074F61C7643EC00062332 /* Assets.xcassets */ = {isa = PBXFileReference; lastKnownFileType = folder.assetcatalog; path = Assets.xcassets; sourceTree = "<group>"; };
		714074F91C7643EC00062332 /* Base */ = {isa = PBXFileReference; lastKnownFileType = file.storyboard; name = Base; path = Base.lproj/LaunchScreen.storyboard; sourceTree = "<group>"; };
		714074FB1C7643EC00062332 /* Info.plist */ = {isa = PBXFileReference; lastKnownFileType = text.plist.xml; path = Info.plist; sourceTree = "<group>"; };
		714075001C7643EC00062332 /* HvZGoTests.xctest */ = {isa = PBXFileReference; explicitFileType = wrapper.cfbundle; includeInIndex = 0; path = HvZGoTests.xctest; sourceTree = BUILT_PRODUCTS_DIR; };
		714075041C7643EC00062332 /* HvZGoTests.m */ = {isa = PBXFileReference; lastKnownFileType = sourcecode.c.objc; path = HvZGoTests.m; sourceTree = "<group>"; };
		714075061C7643EC00062332 /* Info.plist */ = {isa = PBXFileReference; lastKnownFileType = text.plist.xml; path = Info.plist; sourceTree = "<group>"; };
		7140750B1C7643EC00062332 /* HvZGoUITests.xctest */ = {isa = PBXFileReference; explicitFileType = wrapper.cfbundle; includeInIndex = 0; path = HvZGoUITests.xctest; sourceTree = BUILT_PRODUCTS_DIR; };
		7140750F1C7643EC00062332 /* HvZGoUITests.m */ = {isa = PBXFileReference; lastKnownFileType = sourcecode.c.objc; path = HvZGoUITests.m; sourceTree = "<group>"; };
		714075111C7643EC00062332 /* Info.plist */ = {isa = PBXFileReference; lastKnownFileType = text.plist.xml; path = Info.plist; sourceTree = "<group>"; };
		71F278C11C9C0D1500FE20A0 /* LoginViewController.h */ = {isa = PBXFileReference; fileEncoding = 4; lastKnownFileType = sourcecode.c.h; path = LoginViewController.h; sourceTree = "<group>"; };
		71F278C21C9C0D1500FE20A0 /* LoginViewController.m */ = {isa = PBXFileReference; fileEncoding = 4; lastKnownFileType = sourcecode.c.objc; path = LoginViewController.m; sourceTree = "<group>"; };
		71F278C61C9C160800FE20A0 /* SettingsViewController.h */ = {isa = PBXFileReference; fileEncoding = 4; lastKnownFileType = sourcecode.c.h; name = SettingsViewController.h; path = ../SettingsViewController.h; sourceTree = "<group>"; };
		71F278C71C9C160800FE20A0 /* SettingsViewController.m */ = {isa = PBXFileReference; fileEncoding = 4; lastKnownFileType = sourcecode.c.objc; name = SettingsViewController.m; path = ../SettingsViewController.m; sourceTree = "<group>"; };
		F48839521CD7E51500A84586 /* ThirdViewController.h */ = {isa = PBXFileReference; fileEncoding = 4; lastKnownFileType = sourcecode.c.h; path = ThirdViewController.h; sourceTree = "<group>"; };
		F48839531CD7E51500A84586 /* ThirdViewController.m */ = {isa = PBXFileReference; fileEncoding = 4; lastKnownFileType = sourcecode.c.objc; path = ThirdViewController.m; sourceTree = "<group>"; };
/* End PBXFileReference section */

/* Begin PBXFrameworksBuildPhase section */
		714074E11C7643EC00062332 /* Frameworks */ = {
			isa = PBXFrameworksBuildPhase;
			buildActionMask = 2147483647;
			files = (
				7105C3DD1CBB155D0058D44B /* Security.framework in Frameworks */,
			);
			runOnlyForDeploymentPostprocessing = 0;
		};
		714074FD1C7643EC00062332 /* Frameworks */ = {
			isa = PBXFrameworksBuildPhase;
			buildActionMask = 2147483647;
			files = (
			);
			runOnlyForDeploymentPostprocessing = 0;
		};
		714075081C7643EC00062332 /* Frameworks */ = {
			isa = PBXFrameworksBuildPhase;
			buildActionMask = 2147483647;
			files = (
			);
			runOnlyForDeploymentPostprocessing = 0;
		};
/* End PBXFrameworksBuildPhase section */

/* Begin PBXGroup section */
		714074DB1C7643EC00062332 = {
			isa = PBXGroup;
			children = (
				7105C3DC1CBB155D0058D44B /* Security.framework */,
				714074E61C7643EC00062332 /* HvZGo */,
				714075031C7643EC00062332 /* HvZGoTests */,
				7140750E1C7643EC00062332 /* HvZGoUITests */,
				714074E51C7643EC00062332 /* Products */,
			);
			sourceTree = "<group>";
		};
		714074E51C7643EC00062332 /* Products */ = {
			isa = PBXGroup;
			children = (
				714074E41C7643EC00062332 /* HvZGo.app */,
				714075001C7643EC00062332 /* HvZGoTests.xctest */,
				7140750B1C7643EC00062332 /* HvZGoUITests.xctest */,
			);
			name = Products;
			sourceTree = "<group>";
		};
		714074E61C7643EC00062332 /* HvZGo */ = {
			isa = PBXGroup;
			children = (
				7105C3D91CBB12140058D44B /* KeychainItemWrapper.h */,
				7105C3DA1CBB12140058D44B /* KeychainItemWrapper.m */,
				714074EA1C7643EC00062332 /* AppDelegate.h */,
				714074EB1C7643EC00062332 /* AppDelegate.m */,
				714074ED1C7643EC00062332 /* FirstViewController.h */,
				714074EE1C7643EC00062332 /* FirstViewController.m */,
				714074F01C7643EC00062332 /* SecondViewController.h */,
				714074F11C7643EC00062332 /* SecondViewController.m */,
				F48839521CD7E51500A84586 /* ThirdViewController.h */,
				F48839531CD7E51500A84586 /* ThirdViewController.m */,
				71F278C61C9C160800FE20A0 /* SettingsViewController.h */,
				71F278C71C9C160800FE20A0 /* SettingsViewController.m */,
				7105C3D41CB2C5360058D44B /* ChatViewController.h */,
				7105C3D51CB2C5360058D44B /* ChatViewController.m */,
				71F278C11C9C0D1500FE20A0 /* LoginViewController.h */,
				71F278C21C9C0D1500FE20A0 /* LoginViewController.m */,
				714074F31C7643EC00062332 /* Main.storyboard */,
				714074F61C7643EC00062332 /* Assets.xcassets */,
				714074F81C7643EC00062332 /* LaunchScreen.storyboard */,
				714074FB1C7643EC00062332 /* Info.plist */,
				714074E71C7643EC00062332 /* Supporting Files */,
				7105C3E01CBB18380058D44B /* ObjectStorage.h */,
				7105C3E11CBB18D40058D44B /* ObjectStorage.m */,
				7105C3E41CC616F80058D44B /* networktranslation.swift */,
				7105C3E31CC616F80058D44B /* HvZGo-Bridging-Header.h */,
			);
			path = HvZGo;
			sourceTree = "<group>";
		};
		714074E71C7643EC00062332 /* Supporting Files */ = {
			isa = PBXGroup;
			children = (
				714074E81C7643EC00062332 /* main.m */,
			);
			name = "Supporting Files";
			sourceTree = "<group>";
		};
		714075031C7643EC00062332 /* HvZGoTests */ = {
			isa = PBXGroup;
			children = (
				714075041C7643EC00062332 /* HvZGoTests.m */,
				714075061C7643EC00062332 /* Info.plist */,
			);
			path = HvZGoTests;
			sourceTree = "<group>";
		};
		7140750E1C7643EC00062332 /* HvZGoUITests */ = {
			isa = PBXGroup;
			children = (
				7140750F1C7643EC00062332 /* HvZGoUITests.m */,
				714075111C7643EC00062332 /* Info.plist */,
			);
			path = HvZGoUITests;
			sourceTree = "<group>";
		};
/* End PBXGroup section */

/* Begin PBXNativeTarget section */
		714074E31C7643EC00062332 /* HvZGo */ = {
			isa = PBXNativeTarget;
			buildConfigurationList = 714075141C7643EC00062332 /* Build configuration list for PBXNativeTarget "HvZGo" */;
			buildPhases = (
				714074E01C7643EC00062332 /* Sources */,
				714074E11C7643EC00062332 /* Frameworks */,
				714074E21C7643EC00062332 /* Resources */,
			);
			buildRules = (
			);
			dependencies = (
			);
			name = HvZGo;
			productName = HvZGo;
			productReference = 714074E41C7643EC00062332 /* HvZGo.app */;
			productType = "com.apple.product-type.application";
		};
		714074FF1C7643EC00062332 /* HvZGoTests */ = {
			isa = PBXNativeTarget;
			buildConfigurationList = 714075171C7643EC00062332 /* Build configuration list for PBXNativeTarget "HvZGoTests" */;
			buildPhases = (
				714074FC1C7643EC00062332 /* Sources */,
				714074FD1C7643EC00062332 /* Frameworks */,
				714074FE1C7643EC00062332 /* Resources */,
			);
			buildRules = (
			);
			dependencies = (
				714075021C7643EC00062332 /* PBXTargetDependency */,
			);
			name = HvZGoTests;
			productName = HvZGoTests;
			productReference = 714075001C7643EC00062332 /* HvZGoTests.xctest */;
			productType = "com.apple.product-type.bundle.unit-test";
		};
		7140750A1C7643EC00062332 /* HvZGoUITests */ = {
			isa = PBXNativeTarget;
			buildConfigurationList = 7140751A1C7643EC00062332 /* Build configuration list for PBXNativeTarget "HvZGoUITests" */;
			buildPhases = (
				714075071C7643EC00062332 /* Sources */,
				714075081C7643EC00062332 /* Frameworks */,
				714075091C7643EC00062332 /* Resources */,
			);
			buildRules = (
			);
			dependencies = (
				7140750D1C7643EC00062332 /* PBXTargetDependency */,
			);
			name = HvZGoUITests;
			productName = HvZGoUITests;
			productReference = 7140750B1C7643EC00062332 /* HvZGoUITests.xctest */;
			productType = "com.apple.product-type.bundle.ui-testing";
		};
/* End PBXNativeTarget section */

/* Begin PBXProject section */
		714074DC1C7643EC00062332 /* Project object */ = {
			isa = PBXProject;
			attributes = {
				LastSwiftUpdateCheck = 0730;
				LastUpgradeCheck = 0710;
				ORGANIZATIONNAME = "Jacob shanklin";
				TargetAttributes = {
					714074E31C7643EC00062332 = {
						CreatedOnToolsVersion = 7.1;
						DevelopmentTeam = AX749AYUUT;
					};
					714074FF1C7643EC00062332 = {
						CreatedOnToolsVersion = 7.1;
						TestTargetID = 714074E31C7643EC00062332;
					};
					7140750A1C7643EC00062332 = {
						CreatedOnToolsVersion = 7.1;
						TestTargetID = 714074E31C7643EC00062332;
					};
				};
			};
			buildConfigurationList = 714074DF1C7643EC00062332 /* Build configuration list for PBXProject "HvZGo" */;
			compatibilityVersion = "Xcode 3.2";
			developmentRegion = English;
			hasScannedForEncodings = 0;
			knownRegions = (
				en,
				Base,
			);
			mainGroup = 714074DB1C7643EC00062332;
			productRefGroup = 714074E51C7643EC00062332 /* Products */;
			projectDirPath = "";
			projectRoot = "";
			targets = (
				714074E31C7643EC00062332 /* HvZGo */,
				714074FF1C7643EC00062332 /* HvZGoTests */,
				7140750A1C7643EC00062332 /* HvZGoUITests */,
			);
		};
/* End PBXProject section */

/* Begin PBXResourcesBuildPhase section */
		714074E21C7643EC00062332 /* Resources */ = {
			isa = PBXResourcesBuildPhase;
			buildActionMask = 2147483647;
			files = (
				714074FA1C7643EC00062332 /* LaunchScreen.storyboard in Resources */,
				714074F71C7643EC00062332 /* Assets.xcassets in Resources */,
				714074F51C7643EC00062332 /* Main.storyboard in Resources */,
			);
			runOnlyForDeploymentPostprocessing = 0;
		};
		714074FE1C7643EC00062332 /* Resources */ = {
			isa = PBXResourcesBuildPhase;
			buildActionMask = 2147483647;
			files = (
			);
			runOnlyForDeploymentPostprocessing = 0;
		};
		714075091C7643EC00062332 /* Resources */ = {
			isa = PBXResourcesBuildPhase;
			buildActionMask = 2147483647;
			files = (
			);
			runOnlyForDeploymentPostprocessing = 0;
		};
/* End PBXResourcesBuildPhase section */

/* Begin PBXSourcesBuildPhase section */
		714074E01C7643EC00062332 /* Sources */ = {
			isa = PBXSourcesBuildPhase;
			buildActionMask = 2147483647;
			files = (
				714074F21C7643EC00062332 /* SecondViewController.m in Sources */,
				714074EC1C7643EC00062332 /* AppDelegate.m in Sources */,
				714074EF1C7643EC00062332 /* FirstViewController.m in Sources */,
				71F278C81C9C160800FE20A0 /* SettingsViewController.m in Sources */,
				7105C3E51CC616F80058D44B /* networktranslation.swift in Sources */,
				F48839541CD7E51500A84586 /* ThirdViewController.m in Sources */,
				7105C3DB1CBB12140058D44B /* KeychainItemWrapper.m in Sources */,
				714074E91C7643EC00062332 /* main.m in Sources */,
				7105C3E21CBB18D40058D44B /* ObjectStorage.m in Sources */,
				7105C3D61CB2C5360058D44B /* ChatViewController.m in Sources */,
				71F278C31C9C0D1500FE20A0 /* LoginViewController.m in Sources */,
			);
			runOnlyForDeploymentPostprocessing = 0;
		};
		714074FC1C7643EC00062332 /* Sources */ = {
			isa = PBXSourcesBuildPhase;
			buildActionMask = 2147483647;
			files = (
				714075051C7643EC00062332 /* HvZGoTests.m in Sources */,
			);
			runOnlyForDeploymentPostprocessing = 0;
		};
		714075071C7643EC00062332 /* Sources */ = {
			isa = PBXSourcesBuildPhase;
			buildActionMask = 2147483647;
			files = (
				714075101C7643EC00062332 /* HvZGoUITests.m in Sources */,
			);
			runOnlyForDeploymentPostprocessing = 0;
		};
/* End PBXSourcesBuildPhase section */

/* Begin PBXTargetDependency section */
		714075021C7643EC00062332 /* PBXTargetDependency */ = {
			isa = PBXTargetDependency;
			target = 714074E31C7643EC00062332 /* HvZGo */;
			targetProxy = 714075011C7643EC00062332 /* PBXContainerItemProxy */;
		};
		7140750D1C7643EC00062332 /* PBXTargetDependency */ = {
			isa = PBXTargetDependency;
			target = 714074E31C7643EC00062332 /* HvZGo */;
			targetProxy = 7140750C1C7643EC00062332 /* PBXContainerItemProxy */;
		};
/* End PBXTargetDependency section */

/* Begin PBXVariantGroup section */
		714074F31C7643EC00062332 /* Main.storyboard */ = {
			isa = PBXVariantGroup;
			children = (
				714074F41C7643EC00062332 /* Base */,
			);
			name = Main.storyboard;
			sourceTree = "<group>";
		};
		714074F81C7643EC00062332 /* LaunchScreen.storyboard */ = {
			isa = PBXVariantGroup;
			children = (
				714074F91C7643EC00062332 /* Base */,
			);
			name = LaunchScreen.storyboard;
			sourceTree = "<group>";
		};
/* End PBXVariantGroup section */

/* Begin XCBuildConfiguration section */
		714075121C7643EC00062332 /* Debug */ = {
			isa = XCBuildConfiguration;
			buildSettings = {
				ALWAYS_SEARCH_USER_PATHS = NO;
				CLANG_CXX_LANGUAGE_STANDARD = "gnu++0x";
				CLANG_CXX_LIBRARY = "libc++";
				CLANG_ENABLE_MODULES = YES;
				CLANG_ENABLE_OBJC_ARC = YES;
				CLANG_WARN_BOOL_CONVERSION = YES;
				CLANG_WARN_CONSTANT_CONVERSION = YES;
				CLANG_WARN_DIRECT_OBJC_ISA_USAGE = YES_ERROR;
				CLANG_WARN_EMPTY_BODY = YES;
				CLANG_WARN_ENUM_CONVERSION = YES;
				CLANG_WARN_INT_CONVERSION = YES;
				CLANG_WARN_OBJC_ROOT_CLASS = YES_ERROR;
				CLANG_WARN_UNREACHABLE_CODE = YES;
				CLANG_WARN__DUPLICATE_METHOD_MATCH = YES;
				"CODE_SIGN_IDENTITY[sdk=iphoneos*]" = "iPhone Developer";
				COPY_PHASE_STRIP = NO;
				DEBUG_INFORMATION_FORMAT = dwarf;
				ENABLE_STRICT_OBJC_MSGSEND = YES;
				ENABLE_TESTABILITY = YES;
				GCC_C_LANGUAGE_STANDARD = gnu99;
				GCC_DYNAMIC_NO_PIC = NO;
				GCC_NO_COMMON_BLOCKS = YES;
				GCC_OPTIMIZATION_LEVEL = 0;
				GCC_PREPROCESSOR_DEFINITIONS = (
					"DEBUG=1",
					"$(inherited)",
				);
				GCC_WARN_64_TO_32_BIT_CONVERSION = YES;
				GCC_WARN_ABOUT_RETURN_TYPE = YES_ERROR;
				GCC_WARN_UNDECLARED_SELECTOR = YES;
				GCC_WARN_UNINITIALIZED_AUTOS = YES_AGGRESSIVE;
				GCC_WARN_UNUSED_FUNCTION = YES;
				GCC_WARN_UNUSED_VARIABLE = YES;
				IPHONEOS_DEPLOYMENT_TARGET = 9.1;
				MTL_ENABLE_DEBUG_INFO = YES;
				ONLY_ACTIVE_ARCH = YES;
				SDKROOT = iphoneos;
				TARGETED_DEVICE_FAMILY = "1,2";
			};
			name = Debug;
		};
		714075131C7643EC00062332 /* Release */ = {
			isa = XCBuildConfiguration;
			buildSettings = {
				ALWAYS_SEARCH_USER_PATHS = NO;
				CLANG_CXX_LANGUAGE_STANDARD = "gnu++0x";
				CLANG_CXX_LIBRARY = "libc++";
				CLANG_ENABLE_MODULES = YES;
				CLANG_ENABLE_OBJC_ARC = YES;
				CLANG_WARN_BOOL_CONVERSION = YES;
				CLANG_WARN_CONSTANT_CONVERSION = YES;
				CLANG_WARN_DIRECT_OBJC_ISA_USAGE = YES_ERROR;
				CLANG_WARN_EMPTY_BODY = YES;
				CLANG_WARN_ENUM_CONVERSION = YES;
				CLANG_WARN_INT_CONVERSION = YES;
				CLANG_WARN_OBJC_ROOT_CLASS = YES_ERROR;
				CLANG_WARN_UNREACHABLE_CODE = YES;
				CLANG_WARN__DUPLICATE_METHOD_MATCH = YES;
				"CODE_SIGN_IDENTITY[sdk=iphoneos*]" = "iPhone Developer";
				COPY_PHASE_STRIP = NO;
				DEBUG_INFORMATION_FORMAT = "dwarf-with-dsym";
				ENABLE_NS_ASSERTIONS = NO;
				ENABLE_STRICT_OBJC_MSGSEND = YES;
				GCC_C_LANGUAGE_STANDARD = gnu99;
				GCC_NO_COMMON_BLOCKS = YES;
				GCC_WARN_64_TO_32_BIT_CONVERSION = YES;
				GCC_WARN_ABOUT_RETURN_TYPE = YES_ERROR;
				GCC_WARN_UNDECLARED_SELECTOR = YES;
				GCC_WARN_UNINITIALIZED_AUTOS = YES_AGGRESSIVE;
				GCC_WARN_UNUSED_FUNCTION = YES;
				GCC_WARN_UNUSED_VARIABLE = YES;
				IPHONEOS_DEPLOYMENT_TARGET = 9.1;
				MTL_ENABLE_DEBUG_INFO = NO;
				SDKROOT = iphoneos;
				TARGETED_DEVICE_FAMILY = "1,2";
				VALIDATE_PRODUCT = YES;
			};
			name = Release;
		};
		714075151C7643EC00062332 /* Debug */ = {
			isa = XCBuildConfiguration;
			buildSettings = {
				ASSETCATALOG_COMPILER_APPICON_NAME = AppIcon;
				CLANG_ENABLE_MODULES = YES;
				CODE_SIGN_IDENTITY = "iPhone Developer";
				"CODE_SIGN_IDENTITY[sdk=iphoneos*]" = "iPhone Developer";
				INFOPLIST_FILE = HvZGo/Info.plist;
				LD_RUNPATH_SEARCH_PATHS = "$(inherited) @executable_path/Frameworks";
				PRODUCT_BUNDLE_IDENTIFIER = HVZGO.HvZGo;
				PRODUCT_NAME = "$(TARGET_NAME)";
				PROVISIONING_PROFILE = "";
				SWIFT_OBJC_BRIDGING_HEADER = "HvZGo/HvZGo-Bridging-Header.h";
				SWIFT_OPTIMIZATION_LEVEL = "-Onone";
			};
			name = Debug;
		};
		714075161C7643EC00062332 /* Release */ = {
			isa = XCBuildConfiguration;
			buildSettings = {
				ASSETCATALOG_COMPILER_APPICON_NAME = AppIcon;
				CLANG_ENABLE_MODULES = YES;
				CODE_SIGN_IDENTITY = "iPhone Developer";
				"CODE_SIGN_IDENTITY[sdk=iphoneos*]" = "iPhone Developer";
				INFOPLIST_FILE = HvZGo/Info.plist;
				LD_RUNPATH_SEARCH_PATHS = "$(inherited) @executable_path/Frameworks";
				PRODUCT_BUNDLE_IDENTIFIER = HVZGO.HvZGo;
				PRODUCT_NAME = "$(TARGET_NAME)";
				PROVISIONING_PROFILE = "";
				SWIFT_OBJC_BRIDGING_HEADER = "HvZGo/HvZGo-Bridging-Header.h";
			};
			name = Release;
		};
		714075181C7643EC00062332 /* Debug */ = {
			isa = XCBuildConfiguration;
			buildSettings = {
				BUNDLE_LOADER = "$(TEST_HOST)";
				INFOPLIST_FILE = HvZGoTests/Info.plist;
				LD_RUNPATH_SEARCH_PATHS = "$(inherited) @executable_path/Frameworks @loader_path/Frameworks";
				PRODUCT_BUNDLE_IDENTIFIER = HVZGO.HvZGoTests;
				PRODUCT_NAME = "$(TARGET_NAME)";
				TEST_HOST = "$(BUILT_PRODUCTS_DIR)/HvZGo.app/HvZGo";
			};
			name = Debug;
		};
		714075191C7643EC00062332 /* Release */ = {
			isa = XCBuildConfiguration;
			buildSettings = {
				BUNDLE_LOADER = "$(TEST_HOST)";
				INFOPLIST_FILE = HvZGoTests/Info.plist;
				LD_RUNPATH_SEARCH_PATHS = "$(inherited) @executable_path/Frameworks @loader_path/Frameworks";
				PRODUCT_BUNDLE_IDENTIFIER = HVZGO.HvZGoTests;
				PRODUCT_NAME = "$(TARGET_NAME)";
				TEST_HOST = "$(BUILT_PRODUCTS_DIR)/HvZGo.app/HvZGo";
			};
			name = Release;
		};
		7140751B1C7643EC00062332 /* Debug */ = {
			isa = XCBuildConfiguration;
			buildSettings = {
				INFOPLIST_FILE = HvZGoUITests/Info.plist;
				LD_RUNPATH_SEARCH_PATHS = "$(inherited) @executable_path/Frameworks @loader_path/Frameworks";
				PRODUCT_BUNDLE_IDENTIFIER = HVZGO.HvZGoUITests;
				PRODUCT_NAME = "$(TARGET_NAME)";
				TEST_TARGET_NAME = HvZGo;
				USES_XCTRUNNER = YES;
			};
			name = Debug;
		};
		7140751C1C7643EC00062332 /* Release */ = {
			isa = XCBuildConfiguration;
			buildSettings = {
				INFOPLIST_FILE = HvZGoUITests/Info.plist;
				LD_RUNPATH_SEARCH_PATHS = "$(inherited) @executable_path/Frameworks @loader_path/Frameworks";
				PRODUCT_BUNDLE_IDENTIFIER = HVZGO.HvZGoUITests;
				PRODUCT_NAME = "$(TARGET_NAME)";
				TEST_TARGET_NAME = HvZGo;
				USES_XCTRUNNER = YES;
			};
			name = Release;
		};
/* End XCBuildConfiguration section */

/* Begin XCConfigurationList section */
		714074DF1C7643EC00062332 /* Build configuration list for PBXProject "HvZGo" */ = {
			isa = XCConfigurationList;
			buildConfigurations = (
				714075121C7643EC00062332 /* Debug */,
				714075131C7643EC00062332 /* Release */,
			);
			defaultConfigurationIsVisible = 0;
			defaultConfigurationName = Release;
		};
		714075141C7643EC00062332 /* Build configuration list for PBXNativeTarget "HvZGo" */ = {
			isa = XCConfigurationList;
			buildConfigurations = (
				714075151C7643EC00062332 /* Debug */,
				714075161C7643EC00062332 /* Release */,
			);
			defaultConfigurationIsVisible = 0;
			defaultConfigurationName = Release;
		};
		714075171C7643EC00062332 /* Build configuration list for PBXNativeTarget "HvZGoTests" */ = {
			isa = XCConfigurationList;
			buildConfigurations = (
				714075181C7643EC00062332 /* Debug */,
				714075191C7643EC00062332 /* Release */,
			);
			defaultConfigurationIsVisible = 0;
			defaultConfigurationName = Release;
		};
		7140751A1C7643EC00062332 /* Build configuration list for PBXNativeTarget "HvZGoUITests" */ = {
			isa = XCConfigurationList;
			buildConfigurations = (
				7140751B1C7643EC00062332 /* Debug */,
				7140751C1C7643EC00062332 /* Release */,
			);
			defaultConfigurationIsVisible = 0;
			defaultConfigurationName = Release;
		};
/* End XCConfigurationList section */
	};
	rootObject = 714074DC1C7643EC00062332 /* Project object */;
}
